<?xml version="1.0" encoding="utf-8"?>
<Project ToolsVersion="16.0" xmlns="http://schemas.microsoft.com/developer/msbuild/2003">
  <ItemGroup>
    <ClCompile Include="D:\repos\OpenTomb\src\core\gui\gui_obj.c">
      <Filter>Source Files</Filter>
    </ClCompile>
    <ClCompile Include="D:\repos\OpenTomb\src\core\gui\gui_console.c">
      <Filter>Source Files</Filter>
    </ClCompile>
    <ClCompile Include="D:\repos\OpenTomb\src\core\avl.c">
      <Filter>Source Files</Filter>
    </ClCompile>
    <ClCompile Include="D:\repos\OpenTomb\src\core\base_types.c">
      <Filter>Source Files</Filter>
    </ClCompile>
    <ClCompile Include="D:\repos\OpenTomb\src\core\console.c">
      <Filter>Source Files</Filter>
    </ClCompile>
    <ClCompile Include="D:\repos\OpenTomb\src\core\gl_font.c">
      <Filter>Source Files</Filter>
    </ClCompile>
    <ClCompile Include="D:\repos\OpenTomb\src\core\gl_text.c">
      <Filter>Source Files</Filter>
    </ClCompile>
    <ClCompile Include="D:\repos\OpenTomb\src\core\gl_util.c">
      <Filter>Source Files</Filter>
    </ClCompile>
    <ClCompile Include="D:\repos\OpenTomb\src\core\obb.c">
      <Filter>Source Files</Filter>
    </ClCompile>
    <ClCompile Include="D:\repos\OpenTomb\src\core\polygon.c">
      <Filter>Source Files</Filter>
    </ClCompile>
    <ClCompile Include="D:\repos\OpenTomb\src\core\system.c">
      <Filter>Source Files</Filter>
    </ClCompile>
    <ClCompile Include="D:\repos\OpenTomb\src\core\utf8_32.c">
      <Filter>Source Files</Filter>
    </ClCompile>
    <ClCompile Include="D:\repos\OpenTomb\src\core\vmath.c">
      <Filter>Source Files</Filter>
    </ClCompile>
    <ClCompile Include="D:\repos\OpenTomb\src\gui\gui.cpp">
      <Filter>Source Files</Filter>
    </ClCompile>
    <ClCompile Include="D:\repos\OpenTomb\src\gui\gui_menu.cpp">
      <Filter>Source Files</Filter>
    </ClCompile>
    <ClCompile Include="D:\repos\OpenTomb\src\gui\gui_inventory.cpp">
      <Filter>Source Files</Filter>
    </ClCompile>
    <ClCompile Include="D:\repos\OpenTomb\src\fmv\tiny_codec.c">
      <Filter>Source Files</Filter>
    </ClCompile>
    <ClCompile Include="D:\repos\OpenTomb\src\fmv\containers\rpl.c">
      <Filter>Source Files</Filter>
    </ClCompile>
    <ClCompile Include="D:\repos\OpenTomb\src\fmv\codecs\adpcm.c">
      <Filter>Source Files</Filter>
    </ClCompile>
    <ClCompile Include="D:\repos\OpenTomb\src\fmv\codecs\adpcm_data.c">
      <Filter>Source Files</Filter>
    </ClCompile>
    <ClCompile Include="D:\repos\OpenTomb\src\fmv\codecs\pcm.c">
      <Filter>Source Files</Filter>
    </ClCompile>
    <ClCompile Include="D:\repos\OpenTomb\src\fmv\codecs\escape124.c">
      <Filter>Source Files</Filter>
    </ClCompile>
    <ClCompile Include="D:\repos\OpenTomb\src\fmv\codecs\escape130.c">
      <Filter>Source Files</Filter>
    </ClCompile>
    <ClCompile Include="D:\repos\OpenTomb\src\fmv\codecs\reverse.c">
      <Filter>Source Files</Filter>
    </ClCompile>
    <ClCompile Include="D:\repos\OpenTomb\src\physics\physics_bullet.cpp">
      <Filter>Source Files</Filter>
    </ClCompile>
    <ClCompile Include="D:\repos\OpenTomb\src\physics\hair.cpp">
      <Filter>Source Files</Filter>
    </ClCompile>
    <ClCompile Include="D:\repos\OpenTomb\src\physics\ragdoll.cpp">
      <Filter>Source Files</Filter>
    </ClCompile>
    <ClCompile Include="D:\repos\OpenTomb\src\render\bordered_texture_atlas.cpp">
      <Filter>Source Files</Filter>
    </ClCompile>
    <ClCompile Include="D:\repos\OpenTomb\src\render\bsp_tree.cpp">
      <Filter>Source Files</Filter>
    </ClCompile>
    <ClCompile Include="D:\repos\OpenTomb\src\render\bsp_tree_2d.c">
      <Filter>Source Files</Filter>
    </ClCompile>
    <ClCompile Include="D:\repos\OpenTomb\src\render\camera.cpp">
      <Filter>Source Files</Filter>
    </ClCompile>
    <ClCompile Include="D:\repos\OpenTomb\src\render\frustum.cpp">
      <Filter>Source Files</Filter>
    </ClCompile>
    <ClCompile Include="D:\repos\OpenTomb\src\render\render.cpp">
      <Filter>Source Files</Filter>
    </ClCompile>
    <ClCompile Include="D:\repos\OpenTomb\src\render\render_debug.cpp">
      <Filter>Source Files</Filter>
    </ClCompile>
    <ClCompile Include="D:\repos\OpenTomb\src\render\shader_description.cpp">
      <Filter>Source Files</Filter>
    </ClCompile>
    <ClCompile Include="D:\repos\OpenTomb\src\render\shader_manager.cpp">
      <Filter>Source Files</Filter>
    </ClCompile>
    <ClCompile Include="D:\repos\OpenTomb\src\script\script.cpp">
      <Filter>Source Files</Filter>
    </ClCompile>
    <ClCompile Include="D:\repos\OpenTomb\src\script\script_audio.cpp">
      <Filter>Source Files</Filter>
    </ClCompile>
    <ClCompile Include="D:\repos\OpenTomb\src\script\script_character.cpp">
      <Filter>Source Files</Filter>
    </ClCompile>
    <ClCompile Include="D:\repos\OpenTomb\src\script\script_config.cpp">
      <Filter>Source Files</Filter>
    </ClCompile>
    <ClCompile Include="D:\repos\OpenTomb\src\script\script_entity.cpp">
      <Filter>Source Files</Filter>
    </ClCompile>
    <ClCompile Include="D:\repos\OpenTomb\src\script\script_skeletal_model.cpp">
      <Filter>Source Files</Filter>
    </ClCompile>
    <ClCompile Include="D:\repos\OpenTomb\src\script\script_world.cpp">
      <Filter>Source Files</Filter>
    </ClCompile>
    <ClCompile Include="D:\repos\OpenTomb\src\vt\l_common.cpp">
      <Filter>Source Files</Filter>
    </ClCompile>
    <ClCompile Include="D:\repos\OpenTomb\src\vt\l_main.cpp">
      <Filter>Source Files</Filter>
    </ClCompile>
    <ClCompile Include="D:\repos\OpenTomb\src\vt\l_tr1.cpp">
      <Filter>Source Files</Filter>
    </ClCompile>
    <ClCompile Include="D:\repos\OpenTomb\src\vt\l_tr2.cpp">
      <Filter>Source Files</Filter>
    </ClCompile>
    <ClCompile Include="D:\repos\OpenTomb\src\vt\l_tr3.cpp">
      <Filter>Source Files</Filter>
    </ClCompile>
    <ClCompile Include="D:\repos\OpenTomb\src\vt\l_tr4.cpp">
      <Filter>Source Files</Filter>
    </ClCompile>
    <ClCompile Include="D:\repos\OpenTomb\src\vt\l_tr5.cpp">
      <Filter>Source Files</Filter>
    </ClCompile>
    <ClCompile Include="D:\repos\OpenTomb\src\vt\scaler.cpp">
      <Filter>Source Files</Filter>
    </ClCompile>
    <ClCompile Include="D:\repos\OpenTomb\src\vt\vt_level.cpp">
      <Filter>Source Files</Filter>
    </ClCompile>
    <ClCompile Include="D:\repos\OpenTomb\src\state_control\state_control.cpp">
      <Filter>Source Files</Filter>
    </ClCompile>
    <ClCompile Include="D:\repos\OpenTomb\src\state_control\state_control_Lara.cpp">
      <Filter>Source Files</Filter>
    </ClCompile>
    <ClCompile Include="D:\repos\OpenTomb\src\state_control\state_control_LaraWeapons.cpp">
      <Filter>Source Files</Filter>
    </ClCompile>
    <ClCompile Include="D:\repos\OpenTomb\src\state_control\state_control_bat.cpp">
      <Filter>Source Files</Filter>
    </ClCompile>
    <ClCompile Include="D:\repos\OpenTomb\src\state_control\state_control_wolf.cpp">
      <Filter>Source Files</Filter>
    </ClCompile>
    <ClCompile Include="D:\repos\OpenTomb\src\state_control\state_control_bear.cpp">
      <Filter>Source Files</Filter>
    </ClCompile>
    <ClCompile Include="D:\repos\OpenTomb\src\state_control\state_control_raptor.cpp">
      <Filter>Source Files</Filter>
    </ClCompile>
    <ClCompile Include="D:\repos\OpenTomb\src\state_control\state_control_trex.cpp">
      <Filter>Source Files</Filter>
    </ClCompile>
    <ClCompile Include="D:\repos\OpenTomb\src\state_control\state_control_Larson.cpp">
      <Filter>Source Files</Filter>
    </ClCompile>
    <ClCompile Include="D:\repos\OpenTomb\src\state_control\state_control_Pierre.cpp">
      <Filter>Source Files</Filter>
    </ClCompile>
    <ClCompile Include="D:\repos\OpenTomb\src\state_control\state_control_lion.cpp">
      <Filter>Source Files</Filter>
    </ClCompile>
    <ClCompile Include="D:\repos\OpenTomb\src\state_control\state_control_gorilla.cpp">
      <Filter>Source Files</Filter>
    </ClCompile>
    <ClCompile Include="D:\repos\OpenTomb\src\state_control\state_control_crocodile.cpp">
      <Filter>Source Files</Filter>
    </ClCompile>
    <ClCompile Include="D:\repos\OpenTomb\src\state_control\state_control_rat.cpp">
      <Filter>Source Files</Filter>
    </ClCompile>
    <ClCompile Include="D:\repos\OpenTomb\src\state_control\state_control_centaur.cpp">
      <Filter>Source Files</Filter>
    </ClCompile>
    <ClCompile Include="D:\repos\OpenTomb\src\state_control\state_control_puma.cpp">
      <Filter>Source Files</Filter>
    </ClCompile>
    <ClCompile Include="D:\repos\OpenTomb\src\state_control\state_control_winged_mutant.cpp">
      <Filter>Source Files</Filter>
    </ClCompile>
    <ClCompile Include="D:\repos\OpenTomb\src\state_control\state_control_MrT.cpp">
      <Filter>Source Files</Filter>
    </ClCompile>
    <ClCompile Include="D:\repos\OpenTomb\src\state_control\state_control_cowboy.cpp">
      <Filter>Source Files</Filter>
    </ClCompile>
    <ClCompile Include="D:\repos\OpenTomb\src\state_control\state_control_skateboardist.cpp">
      <Filter>Source Files</Filter>
    </ClCompile>
    <ClCompile Include="D:\repos\OpenTomb\src\state_control\state_control_torso_boss.cpp">
      <Filter>Source Files</Filter>
    </ClCompile>
    <ClCompile Include="D:\repos\OpenTomb\src\state_control\state_control_Natla.cpp">
      <Filter>Source Files</Filter>
    </ClCompile>
    <ClCompile Include="D:\repos\OpenTomb\src\audio\audio.cpp">
      <Filter>Source Files</Filter>
    </ClCompile>
    <ClCompile Include="D:\repos\OpenTomb\src\audio\audio_fx.cpp">
      <Filter>Source Files</Filter>
    </ClCompile>
    <ClCompile Include="D:\repos\OpenTomb\src\audio\audio_stream.cpp">
      <Filter>Source Files</Filter>
    </ClCompile>
    <ClCompile Include="D:\repos\OpenTomb\src\audio\stb_vorbis.c">
      <Filter>Source Files</Filter>
    </ClCompile>
    <ClCompile Include="D:\repos\OpenTomb\src\character_controller.cpp">
      <Filter>Source Files</Filter>
    </ClCompile>
    <ClCompile Include="D:\repos\OpenTomb\src\controls.cpp">
      <Filter>Source Files</Filter>
    </ClCompile>
    <ClCompile Include="D:\repos\OpenTomb\src\engine.cpp">
      <Filter>Source Files</Filter>
    </ClCompile>
    <ClCompile Include="D:\repos\OpenTomb\src\engine_debug.cpp">
      <Filter>Source Files</Filter>
    </ClCompile>
    <ClCompile Include="D:\repos\OpenTomb\src\entity.cpp">
      <Filter>Source Files</Filter>
    </ClCompile>
    <ClCompile Include="D:\repos\OpenTomb\src\game.cpp">
      <Filter>Source Files</Filter>
    </ClCompile>
    <ClCompile Include="D:\repos\OpenTomb\src\game_camera.cpp">
      <Filter>Source Files</Filter>
    </ClCompile>
    <ClCompile Include="D:\repos\OpenTomb\src\gameflow.cpp">
      <Filter>Source Files</Filter>
    </ClCompile>
    <ClCompile Include="D:\repos\OpenTomb\src\inventory.cpp">
      <Filter>Source Files</Filter>
    </ClCompile>
    <ClCompile Include="D:\repos\OpenTomb\src\image.cpp">
      <Filter>Source Files</Filter>
    </ClCompile>
    <ClCompile Include="D:\repos\OpenTomb\src\main_SDL.cpp">
      <Filter>Source Files</Filter>
    </ClCompile>
    <ClCompile Include="D:\repos\OpenTomb\src\mesh.c">
      <Filter>Source Files</Filter>
    </ClCompile>
    <ClCompile Include="D:\repos\OpenTomb\src\resource.cpp">
      <Filter>Source Files</Filter>
    </ClCompile>
    <ClCompile Include="D:\repos\OpenTomb\src\room.cpp">
      <Filter>Source Files</Filter>
    </ClCompile>
    <ClCompile Include="D:\repos\OpenTomb\src\skeletal_model.c">
      <Filter>Source Files</Filter>
    </ClCompile>
    <ClCompile Include="D:\repos\OpenTomb\src\trigger.cpp">
      <Filter>Source Files</Filter>
    </ClCompile>
    <ClCompile Include="D:\repos\OpenTomb\src\weapons.cpp">
      <Filter>Source Files</Filter>
    </ClCompile>
    <ClCompile Include="D:\repos\OpenTomb\src\world.cpp">
      <Filter>Source Files</Filter>
    </ClCompile>
  </ItemGroup>
  <ItemGroup>
    <ClInclude Include="D:\repos\OpenTomb\src\core\gui\gui_obj.h">
      <Filter>Header Files</Filter>
    </ClInclude>
    <ClInclude Include="D:\repos\OpenTomb\src\core\gui\gui_console.h">
      <Filter>Header Files</Filter>
    </ClInclude>
    <ClInclude Include="D:\repos\OpenTomb\src\core\avl.h">
      <Filter>Header Files</Filter>
    </ClInclude>
    <ClInclude Include="D:\repos\OpenTomb\src\core\base_types.h">
      <Filter>Header Files</Filter>
    </ClInclude>
    <ClInclude Include="D:\repos\OpenTomb\src\core\console.h">
      <Filter>Header Files</Filter>
    </ClInclude>
    <ClInclude Include="D:\repos\OpenTomb\src\core\gl_font.h">
      <Filter>Header Files</Filter>
    </ClInclude>
    <ClInclude Include="D:\repos\OpenTomb\src\core\gl_text.h">
      <Filter>Header Files</Filter>
    </ClInclude>
    <ClInclude Include="D:\repos\OpenTomb\src\core\gl_util.h">
      <Filter>Header Files</Filter>
    </ClInclude>
    <ClInclude Include="D:\repos\OpenTomb\src\core\obb.h">
      <Filter>Header Files</Filter>
    </ClInclude>
    <ClInclude Include="D:\repos\OpenTomb\src\core\polygon.h">
      <Filter>Header Files</Filter>
    </ClInclude>
    <ClInclude Include="D:\repos\OpenTomb\src\core\system.h">
      <Filter>Header Files</Filter>
    </ClInclude>
    <ClInclude Include="D:\repos\OpenTomb\src\core\utf8_32.h">
      <Filter>Header Files</Filter>
    </ClInclude>
    <ClInclude Include="D:\repos\OpenTomb\src\core\vmath.h">
      <Filter>Header Files</Filter>
    </ClInclude>
    <ClInclude Include="D:\repos\OpenTomb\src\gui\gui.h">
      <Filter>Header Files</Filter>
    </ClInclude>
    <ClInclude Include="D:\repos\OpenTomb\src\gui\gui_menu.h">
      <Filter>Header Files</Filter>
    </ClInclude>
    <ClInclude Include="D:\repos\OpenTomb\src\gui\gui_inventory.h">
      <Filter>Header Files</Filter>
    </ClInclude>
    <ClInclude Include="D:\repos\OpenTomb\src\fmv\tiny_codec.h">
      <Filter>Header Files</Filter>
    </ClInclude>
    <ClInclude Include="D:\repos\OpenTomb\src\fmv\internal\avcodec.h">
      <Filter>Header Files</Filter>
    </ClInclude>
    <ClInclude Include="D:\repos\OpenTomb\src\fmv\internal\common.h">
      <Filter>Header Files</Filter>
    </ClInclude>
    <ClInclude Include="D:\repos\OpenTomb\src\fmv\internal\bytestream.h">
      <Filter>Header Files</Filter>
    </ClInclude>
    <ClInclude Include="D:\repos\OpenTomb\src\fmv\internal\get_bits.h">
      <Filter>Header Files</Filter>
    </ClInclude>
    <ClInclude Include="D:\repos\OpenTomb\src\fmv\codecs\adpcm.h">
      <Filter>Header Files</Filter>
    </ClInclude>
    <ClInclude Include="D:\repos\OpenTomb\src\fmv\codecs\adpcm_data.h">
      <Filter>Header Files</Filter>
    </ClInclude>
    <ClInclude Include="D:\repos\OpenTomb\src\physics\physics.h">
      <Filter>Header Files</Filter>
    </ClInclude>
    <ClInclude Include="D:\repos\OpenTomb\src\physics\hair.h">
      <Filter>Header Files</Filter>
    </ClInclude>
    <ClInclude Include="D:\repos\OpenTomb\src\physics\ragdoll.h">
      <Filter>Header Files</Filter>
    </ClInclude>
    <ClInclude Include="D:\repos\OpenTomb\src\render\bordered_texture_atlas.h">
      <Filter>Header Files</Filter>
    </ClInclude>
    <ClInclude Include="D:\repos\OpenTomb\src\render\bsp_tree.h">
      <Filter>Header Files</Filter>
    </ClInclude>
    <ClInclude Include="D:\repos\OpenTomb\src\render\bsp_tree_2d.h">
      <Filter>Header Files</Filter>
    </ClInclude>
    <ClInclude Include="D:\repos\OpenTomb\src\render\camera.h">
      <Filter>Header Files</Filter>
    </ClInclude>
    <ClInclude Include="D:\repos\OpenTomb\src\render\frustum.h">
      <Filter>Header Files</Filter>
    </ClInclude>
    <ClInclude Include="D:\repos\OpenTomb\src\render\render.h">
      <Filter>Header Files</Filter>
    </ClInclude>
    <ClInclude Include="D:\repos\OpenTomb\src\render\render_debug.h">
      <Filter>Header Files</Filter>
    </ClInclude>
    <ClInclude Include="D:\repos\OpenTomb\src\render\shader_description.h">
      <Filter>Header Files</Filter>
    </ClInclude>
    <ClInclude Include="D:\repos\OpenTomb\src\render\shader_manager.h">
      <Filter>Header Files</Filter>
    </ClInclude>
    <ClInclude Include="D:\repos\OpenTomb\src\script\script.h">
      <Filter>Header Files</Filter>
    </ClInclude>
    <ClInclude Include="D:\repos\OpenTomb\src\vt\l_main.h">
      <Filter>Header Files</Filter>
    </ClInclude>
    <ClInclude Include="D:\repos\OpenTomb\src\vt\scaler.h">
      <Filter>Header Files</Filter>
    </ClInclude>
    <ClInclude Include="D:\repos\OpenTomb\src\vt\vt_level.h">
      <Filter>Header Files</Filter>
    </ClInclude>
    <ClInclude Include="D:\repos\OpenTomb\src\vt\tr_types.h">
      <Filter>Header Files</Filter>
    </ClInclude>
    <ClInclude Include="D:\repos\OpenTomb\src\vt\tr_versions.h">
      <Filter>Header Files</Filter>
    </ClInclude>
    <ClInclude Include="D:\repos\OpenTomb\src\state_control\state_control.h">
      <Filter>Header Files</Filter>
    </ClInclude>
    <ClInclude Include="D:\repos\OpenTomb\src\state_control\state_control_Lara.h">
      <Filter>Header Files</Filter>
    </ClInclude>
    <ClInclude Include="D:\repos\OpenTomb\src\state_control\state_control_bat.h">
      <Filter>Header Files</Filter>
    </ClInclude>
    <ClInclude Include="D:\repos\OpenTomb\src\state_control\state_control_wolf.h">
      <Filter>Header Files</Filter>
    </ClInclude>
    <ClInclude Include="D:\repos\OpenTomb\src\state_control\state_control_bear.h">
      <Filter>Header Files</Filter>
    </ClInclude>
    <ClInclude Include="D:\repos\OpenTomb\src\state_control\state_control_raptor.h">
      <Filter>Header Files</Filter>
    </ClInclude>
    <ClInclude Include="D:\repos\OpenTomb\src\state_control\state_control_trex.h">
      <Filter>Header Files</Filter>
    </ClInclude>
    <ClInclude Include="D:\repos\OpenTomb\src\state_control\state_control_Larson.h">
      <Filter>Header Files</Filter>
    </ClInclude>
    <ClInclude Include="D:\repos\OpenTomb\src\state_control\state_control_Pierre.h">
      <Filter>Header Files</Filter>
    </ClInclude>
    <ClInclude Include="D:\repos\OpenTomb\src\state_control\state_control_lion.h">
      <Filter>Header Files</Filter>
    </ClInclude>
    <ClInclude Include="D:\repos\OpenTomb\src\state_control\state_control_gorilla.h">
      <Filter>Header Files</Filter>
    </ClInclude>
    <ClInclude Include="D:\repos\OpenTomb\src\state_control\state_control_crocodile.h">
      <Filter>Header Files</Filter>
    </ClInclude>
    <ClInclude Include="D:\repos\OpenTomb\src\state_control\state_control_rat.h">
      <Filter>Header Files</Filter>
    </ClInclude>
    <ClInclude Include="D:\repos\OpenTomb\src\state_control\state_control_centaur.h">
      <Filter>Header Files</Filter>
    </ClInclude>
    <ClInclude Include="D:\repos\OpenTomb\src\state_control\state_control_puma.h">
      <Filter>Header Files</Filter>
    </ClInclude>
    <ClInclude Include="D:\repos\OpenTomb\src\state_control\state_control_winged_mutant.h">
      <Filter>Header Files</Filter>
    </ClInclude>
    <ClInclude Include="D:\repos\OpenTomb\src\state_control\state_control_MrT.h">
      <Filter>Header Files</Filter>
    </ClInclude>
    <ClInclude Include="D:\repos\OpenTomb\src\state_control\state_control_cowboy.h">
      <Filter>Header Files</Filter>
    </ClInclude>
    <ClInclude Include="D:\repos\OpenTomb\src\state_control\state_control_skateboardist.h">
      <Filter>Header Files</Filter>
    </ClInclude>
    <ClInclude Include="D:\repos\OpenTomb\src\state_control\state_control_torso_boss.h">
      <Filter>Header Files</Filter>
    </ClInclude>
    <ClInclude Include="D:\repos\OpenTomb\src\state_control\state_control_Natla.h">
      <Filter>Header Files</Filter>
    </ClInclude>
    <ClInclude Include="D:\repos\OpenTomb\src\audio\audio.h">
      <Filter>Header Files</Filter>
    </ClInclude>
    <ClInclude Include="D:\repos\OpenTomb\src\audio\audio_fx.h">
      <Filter>Header Files</Filter>
    </ClInclude>
    <ClInclude Include="D:\repos\OpenTomb\src\audio\audio_stream.h">
      <Filter>Header Files</Filter>
    </ClInclude>
    <ClInclude Include="D:\repos\OpenTomb\src\character_controller.h">
      <Filter>Header Files</Filter>
    </ClInclude>
    <ClInclude Include="D:\repos\OpenTomb\src\controls.h">
      <Filter>Header Files</Filter>
    </ClInclude>
    <ClInclude Include="D:\repos\OpenTomb\src\engine.h">
      <Filter>Header Files</Filter>
    </ClInclude>
    <ClInclude Include="D:\repos\OpenTomb\src\engine_string.h">
      <Filter>Header Files</Filter>
    </ClInclude>
    <ClInclude Include="D:\repos\OpenTomb\src\entity.h">
      <Filter>Header Files</Filter>
    </ClInclude>
    <ClInclude Include="D:\repos\OpenTomb\src\game.h">
      <Filter>Header Files</Filter>
    </ClInclude>
    <ClInclude Include="D:\repos\OpenTomb\src\gameflow.h">
      <Filter>Header Files</Filter>
    </ClInclude>
    <ClInclude Include="D:\repos\OpenTomb\src\inventory.h">
      <Filter>Header Files</Filter>
    </ClInclude>
    <ClInclude Include="D:\repos\OpenTomb\src\image.h">
      <Filter>Header Files</Filter>
    </ClInclude>
    <ClInclude Include="D:\repos\OpenTomb\src\mesh.h">
      <Filter>Header Files</Filter>
    </ClInclude>
    <ClInclude Include="D:\repos\OpenTomb\src\resource.h">
      <Filter>Header Files</Filter>
    </ClInclude>
    <ClInclude Include="D:\repos\OpenTomb\src\room.h">
      <Filter>Header Files</Filter>
    </ClInclude>
    <ClInclude Include="D:\repos\OpenTomb\src\skeletal_model.h">
      <Filter>Header Files</Filter>
    </ClInclude>
    <ClInclude Include="D:\repos\OpenTomb\src\trigger.h">
      <Filter>Header Files</Filter>
    </ClInclude>
    <ClInclude Include="D:\repos\OpenTomb\src\weapons.h">
      <Filter>Header Files</Filter>
    </ClInclude>
    <ClInclude Include="D:\repos\OpenTomb\src\world.h">
      <Filter>Header Files</Filter>
    </ClInclude>
  </ItemGroup>
  <ItemGroup>
    <CustomBuild Include="D:\repos\OpenTomb\CMakeLists.txt" />
  </ItemGroup>
  <ItemGroup>
    <ResourceCompile Include="D:\repos\OpenTomb\resource\icon\opentomb.rc">
      <Filter>Source Files</Filter>
    </ResourceCompile>
  </ItemGroup>
  <ItemGroup>
    <Filter Include="Header Files">
      <UniqueIdentifier>{07CA07B1-7F5F-3D7E-8AE6-FB8C1AB01023}</UniqueIdentifier>
    </Filter>
    <Filter Include="Source Files">
      <UniqueIdentifier>{14239490-3AE6-373C-AAD1-51E842368701}</UniqueIdentifier>
    </Filter>
  </ItemGroup>
</Project>
